<?xml version="1.0" encoding="utf-8"?>
<Project ToolsVersion="4.0" xmlns="http://schemas.microsoft.com/developer/msbuild/2003">
  <ItemGroup>
    <Filter Include="Source Files">
      <UniqueIdentifier>{f8b544a5-228e-4663-b14c-d8c04a1cd0ac}</UniqueIdentifier>
      <Extensions>cpp;c;cxx;rc;def;r;odl;idl;hpj;bat</Extensions>
    </Filter>
    <Filter Include="Header Files">
      <UniqueIdentifier>{d700a7ea-6d79-4dd6-8607-ea0f93f28937}</UniqueIdentifier>
      <Extensions>h;hpp;hxx;hm;inl</Extensions>
    </Filter>
    <Filter Include="Resource Files">
      <UniqueIdentifier>{38960029-5c9a-4141-a26b-86c4df5e0059}</UniqueIdentifier>
      <Extensions>ico;cur;bmp;dlg;rc2;rct;bin;rgs;gif;jpg;jpeg;jpe</Extensions>
    </Filter>
  </ItemGroup>
  <ItemGroup>
    <ClCompile Include="MouseHook.cpp">
      <Filter>Source Files</Filter>
    </ClCompile>
    <ClCompile Include="StdAfx.cpp">
      <Filter>Source Files</Filter>
    </ClCompile>
    <ClCompile Include="Subclass.cpp">
      <Filter>Source Files</Filter>
    </ClCompile>
    <ClCompile Include="TSubclass.cpp">
      <Filter>Source Files</Filter>
    </ClCompile>
    <ClCompile Include="WinHook.cpp">
      <Filter>Source Files</Filter>
    </ClCompile>
  </ItemGroup>
  <ItemGroup>
    <Midl Include="TSubclass.idl">
      <Filter>Source Files</Filter>
    </Midl>
  </ItemGroup>
  <ItemGroup>
    <ResourceCompile Include="TSubclass.rc">
      <Filter>Source Files</Filter>
    </ResourceCompile>
  </ItemGroup>
  <ItemGroup>
    <ClInclude Include="MouseHook.h">
      <Filter>Header Files</Filter>
    </ClInclude>
    <ClInclude Include="MouseHookCP.h">
      <Filter>Header Files</Filter>
    </ClInclude>
    <ClInclude Include="Resource.h">
      <Filter>Header Files</Filter>
    </ClInclude>
    <ClInclude Include="StdAfx.h">
      <Filter>Header Files</Filter>
    </ClInclude>
    <ClInclude Include="Subclass.h">
      <Filter>Header Files</Filter>
    </ClInclude>
    <ClInclude Include="SubclassCP.h">
      <Filter>Header Files</Filter>
    </ClInclude>
    <ClInclude Include="WinHook.h">
      <Filter>Header Files</Filter>
    </ClInclude>
    <ClInclude Include="WinHookCP.h">
      <Filter>Header Files</Filter>
    </ClInclude>
  </ItemGroup>
  <ItemGroup>
    <CustomBuild Include="TSubclass.def">
      <Filter>Source Files</Filter>
    </CustomBuild>
    <CustomBuild Include="MouseHook.rgs">
      <Filter>Resource Files</Filter>
    </CustomBuild>
    <CustomBuild Include="Subclass.rgs">
      <Filter>Resource Files</Filter>
    </CustomBuild>
    <CustomBuild Include="WinHook.rgs">
      <Filter>Resource Files</Filter>
    </CustomBuild>
  </ItemGroup>
</Project>